{
    "_meta": {
        "hash": {
            "sha256": "d603e669e536e182db3fccdf08ab4a3974d1d6ee24a792daaf5ae7e001530ea5"
        },
        "pipfile-spec": 6,
        "requires": {
            "python_version": "3.12"
        },
        "sources": [
            {
                "name": "pypi",
                "url": "https://pypi.org/simple",
                "verify_ssl": true
            }
        ]
    },
    "default": {
        "django": {
            "hashes": [
                "sha256:7f246078d5a546f63c28fc03ce71f4d7a23677ce42109219c24c9ffb28416137",
                "sha256:ea50d85709708621d956187c6b61d9f9ce155007b496dd914fdb35db8d790aec"
            ],
            "index": "pypi",
            "markers": "python_version >= '3.5'",
            "version": "==2.1"
        },
        "pytz": {
            "hashes": [
                "sha256:2a29735ea9c18baf14b448846bde5a48030ed267578472d8955cd0e7443a9812",
                "sha256:328171f4e3623139da4983451950b28e95ac706e13f3f2630a879749e7a8b319"
            ],
            "version": "==2024.1"
        },
        "setuptools": {
            "hashes": [
                "sha256:f171bab1dfbc86b132997f26a119f6056a57950d058587841a0082e8830f9dc5",
                "sha256:fe384da74336c398e0d956d1cae0669bc02eed936cdb1d49b57de1990dc11ffc"
            ],
            "index": "pypi",
            "markers": "python_version >= '3.8'",
            "version": "==70.3.0"
        }
    },
    "develop": {}
}
